
Microsoft Visual Studio Solution File, Format Version 12.00
# Visual Studio 14
VisualStudioVersion = 14.0.25420.1
MinimumVisualStudioVersion = 10.0.40219.1
Project("{FAE04EC0-301F-11D3-BF4B-00C04F79EFBC}") = "Listener", "Listener\Listener.csproj", "{BD209926-33B2-4E31-8DF7-6C617564D38B}"
EndProject
Project("{FAE04EC0-301F-11D3-BF4B-00C04F79EFBC}") = "Lidgren.Network", "Lidgren.Network\Lidgren.Network.csproj", "{49BA1C69-6104-41AC-A5D8-B54FA9F696E8}"
EndProject
Project("{FAE04EC0-301F-11D3-BF4B-00C04F79EFBC}") = "NetworkingMessages", "NetworkingMessages\NetworkingMessages.csproj", "{212628D8-29F5-44EB-A8AE-9135706A326E}"
EndProject
Project("{FAE04EC0-301F-11D3-BF4B-00C04F79EFBC}") = "Connector", "Connector\Connector.csproj", "{D13F2491-145B-4C69-B943-9A3DFE932E04}"
EndProject
Project("{FAE04EC0-301F-11D3-BF4B-00C04F79EFBC}") = "WebListener", "WebListener\WebListener.csproj", "{0B575C85-1A00-4E91-B1CB-25035CFBFEAE}"
EndProject
Project("{FAE04EC0-301F-11D3-BF4B-00C04F79EFBC}") = "JsonMessages", "JsonMessages\JsonMessages.csproj", "{6C69042B-AE3C-4631-AD83-7FF808ED98A6}"
EndProject
Project("{FAE04EC0-301F-11D3-BF4B-00C04F79EFBC}") = "WebConnector", "WebConnector\WebConnector.csproj", "{3B2E8705-F4EB-4BBA-A5C1-DDE6DB5FCE48}"
EndProject
Project("{FAE04EC0-301F-11D3-BF4B-00C04F79EFBC}") = "NodeController", "NodeController\NodeController.csproj", "{A382C8C4-E2DA-4FAD-8E32-52EDDB6C3D34}"
EndProject
Project("{FAE04EC0-301F-11D3-BF4B-00C04F79EFBC}") = "NodeIO", "NodeIO\NodeIO.csproj", "{D1B59381-FCAA-4565-98CA-4C7568DFF14A}"
EndProject
Project("{FAE04EC0-301F-11D3-BF4B-00C04F79EFBC}") = "EncodingTools", "EncodingTools\EncodingTools.csproj", "{F76A2E50-00FE-4737-A33F-3CE8F49BF107}"
EndProject
Project("{FAE04EC0-301F-11D3-BF4B-00C04F79EFBC}") = "KeyGenerator", "KeyGenerator\KeyGenerator.csproj", "{80F6815A-5863-4C52-A4C7-F916E605B1F6}"
EndProject
Project("{FAE04EC0-301F-11D3-BF4B-00C04F79EFBC}") = "LobbyNode", "LobbyNode\LobbyNode.csproj", "{B9D99356-98AC-4753-B804-BF294CA40FB0}"
EndProject
Project("{FAE04EC0-301F-11D3-BF4B-00C04F79EFBC}") = "AuthenticationNode", "AuthenticationNode\AuthenticationNode.csproj", "{6F8F826E-ED27-4E33-8E14-8207F4179A0A}"
EndProject
Project("{FAE04EC0-301F-11D3-BF4B-00C04F79EFBC}") = "AuthTester", "AuthTester\AuthTester.csproj", "{FBCA8327-BF03-4928-A6B8-76E9DFE36976}"
EndProject
Project("{2150E333-8FDC-42A3-9474-1A3956D46DE8}") = "Documents", "Documents", "{F37BFEFA-B14F-4137-A51C-217F6313F8EB}"
	ProjectSection(SolutionItems) = preProject
		LICENSE = LICENSE
		README.md = README.md
	EndProjectSection
EndProject
Project("{2150E333-8FDC-42A3-9474-1A3956D46DE8}") = "Libraries", "Libraries", "{BFCA8113-92A4-4C81-86E0-7D67AE0BA27B}"
EndProject
Project("{2150E333-8FDC-42A3-9474-1A3956D46DE8}") = "Applications", "Applications", "{182D310A-DE62-4DF6-B000-DA58C579790C}"
EndProject
Project("{2150E333-8FDC-42A3-9474-1A3956D46DE8}") = "Tools", "Tools", "{C0A0125C-87AB-4296-8B61-0588E0816E14}"
EndProject
Project("{FAE04EC0-301F-11D3-BF4B-00C04F79EFBC}") = "ChatMesh", "ChatMesh\ChatMesh.csproj", "{4D33AB00-68FC-44CE-8299-CB36458936B6}"
EndProject
Global
	GlobalSection(SolutionConfigurationPlatforms) = preSolution
		Debug|Any CPU = Debug|Any CPU
		Release|Any CPU = Release|Any CPU
		UnityRelease|Any CPU = UnityRelease|Any CPU
	EndGlobalSection
	GlobalSection(ProjectConfigurationPlatforms) = postSolution
		{BD209926-33B2-4E31-8DF7-6C617564D38B}.Debug|Any CPU.ActiveCfg = Debug|Any CPU
		{BD209926-33B2-4E31-8DF7-6C617564D38B}.Debug|Any CPU.Build.0 = Debug|Any CPU
		{BD209926-33B2-4E31-8DF7-6C617564D38B}.Release|Any CPU.ActiveCfg = Release|Any CPU
		{BD209926-33B2-4E31-8DF7-6C617564D38B}.Release|Any CPU.Build.0 = Release|Any CPU
		{BD209926-33B2-4E31-8DF7-6C617564D38B}.UnityRelease|Any CPU.ActiveCfg = Release|Any CPU
		{BD209926-33B2-4E31-8DF7-6C617564D38B}.UnityRelease|Any CPU.Build.0 = Release|Any CPU
		{49BA1C69-6104-41AC-A5D8-B54FA9F696E8}.Debug|Any CPU.ActiveCfg = Debug|Any CPU
		{49BA1C69-6104-41AC-A5D8-B54FA9F696E8}.Debug|Any CPU.Build.0 = Debug|Any CPU
		{49BA1C69-6104-41AC-A5D8-B54FA9F696E8}.Release|Any CPU.ActiveCfg = Release|Any CPU
		{49BA1C69-6104-41AC-A5D8-B54FA9F696E8}.Release|Any CPU.Build.0 = Release|Any CPU
		{49BA1C69-6104-41AC-A5D8-B54FA9F696E8}.UnityRelease|Any CPU.ActiveCfg = UnityRelease|Any CPU
		{49BA1C69-6104-41AC-A5D8-B54FA9F696E8}.UnityRelease|Any CPU.Build.0 = UnityRelease|Any CPU
		{212628D8-29F5-44EB-A8AE-9135706A326E}.Debug|Any CPU.ActiveCfg = Debug|Any CPU
		{212628D8-29F5-44EB-A8AE-9135706A326E}.Debug|Any CPU.Build.0 = Debug|Any CPU
		{212628D8-29F5-44EB-A8AE-9135706A326E}.Release|Any CPU.ActiveCfg = Release|Any CPU
		{212628D8-29F5-44EB-A8AE-9135706A326E}.Release|Any CPU.Build.0 = Release|Any CPU
		{212628D8-29F5-44EB-A8AE-9135706A326E}.UnityRelease|Any CPU.ActiveCfg = UnityRelease|Any CPU
		{212628D8-29F5-44EB-A8AE-9135706A326E}.UnityRelease|Any CPU.Build.0 = UnityRelease|Any CPU
		{D13F2491-145B-4C69-B943-9A3DFE932E04}.Debug|Any CPU.ActiveCfg = Debug|Any CPU
		{D13F2491-145B-4C69-B943-9A3DFE932E04}.Debug|Any CPU.Build.0 = Debug|Any CPU
		{D13F2491-145B-4C69-B943-9A3DFE932E04}.Release|Any CPU.ActiveCfg = Release|Any CPU
		{D13F2491-145B-4C69-B943-9A3DFE932E04}.Release|Any CPU.Build.0 = Release|Any CPU
		{D13F2491-145B-4C69-B943-9A3DFE932E04}.UnityRelease|Any CPU.ActiveCfg = Release|Any CPU
		{D13F2491-145B-4C69-B943-9A3DFE932E04}.UnityRelease|Any CPU.Build.0 = Release|Any CPU
		{0B575C85-1A00-4E91-B1CB-25035CFBFEAE}.Debug|Any CPU.ActiveCfg = Debug|Any CPU
		{0B575C85-1A00-4E91-B1CB-25035CFBFEAE}.Debug|Any CPU.Build.0 = Debug|Any CPU
		{0B575C85-1A00-4E91-B1CB-25035CFBFEAE}.Release|Any CPU.ActiveCfg = Release|Any CPU
		{0B575C85-1A00-4E91-B1CB-25035CFBFEAE}.Release|Any CPU.Build.0 = Release|Any CPU
		{0B575C85-1A00-4E91-B1CB-25035CFBFEAE}.UnityRelease|Any CPU.ActiveCfg = Release|Any CPU
		{0B575C85-1A00-4E91-B1CB-25035CFBFEAE}.UnityRelease|Any CPU.Build.0 = Release|Any CPU
		{6C69042B-AE3C-4631-AD83-7FF808ED98A6}.Debug|Any CPU.ActiveCfg = Debug|Any CPU
		{6C69042B-AE3C-4631-AD83-7FF808ED98A6}.Debug|Any CPU.Build.0 = Debug|Any CPU
		{6C69042B-AE3C-4631-AD83-7FF808ED98A6}.Release|Any CPU.ActiveCfg = Release|Any CPU
		{6C69042B-AE3C-4631-AD83-7FF808ED98A6}.Release|Any CPU.Build.0 = Release|Any CPU
		{6C69042B-AE3C-4631-AD83-7FF808ED98A6}.UnityRelease|Any CPU.ActiveCfg = Release|Any CPU
		{6C69042B-AE3C-4631-AD83-7FF808ED98A6}.UnityRelease|Any CPU.Build.0 = Release|Any CPU
		{3B2E8705-F4EB-4BBA-A5C1-DDE6DB5FCE48}.Debug|Any CPU.ActiveCfg = Debug|Any CPU
		{3B2E8705-F4EB-4BBA-A5C1-DDE6DB5FCE48}.Debug|Any CPU.Build.0 = Debug|Any CPU
		{3B2E8705-F4EB-4BBA-A5C1-DDE6DB5FCE48}.Release|Any CPU.ActiveCfg = Release|Any CPU
		{3B2E8705-F4EB-4BBA-A5C1-DDE6DB5FCE48}.Release|Any CPU.Build.0 = Release|Any CPU
		{3B2E8705-F4EB-4BBA-A5C1-DDE6DB5FCE48}.UnityRelease|Any CPU.ActiveCfg = Release|Any CPU
		{3B2E8705-F4EB-4BBA-A5C1-DDE6DB5FCE48}.UnityRelease|Any CPU.Build.0 = Release|Any CPU
		{A382C8C4-E2DA-4FAD-8E32-52EDDB6C3D34}.Debug|Any CPU.ActiveCfg = Debug|Any CPU
		{A382C8C4-E2DA-4FAD-8E32-52EDDB6C3D34}.Debug|Any CPU.Build.0 = Debug|Any CPU
		{A382C8C4-E2DA-4FAD-8E32-52EDDB6C3D34}.Release|Any CPU.ActiveCfg = Release|Any CPU
		{A382C8C4-E2DA-4FAD-8E32-52EDDB6C3D34}.Release|Any CPU.Build.0 = Release|Any CPU
		{A382C8C4-E2DA-4FAD-8E32-52EDDB6C3D34}.UnityRelease|Any CPU.ActiveCfg = Release|Any CPU
		{A382C8C4-E2DA-4FAD-8E32-52EDDB6C3D34}.UnityRelease|Any CPU.Build.0 = Release|Any CPU
		{D1B59381-FCAA-4565-98CA-4C7568DFF14A}.Debug|Any CPU.ActiveCfg = Debug|Any CPU
		{D1B59381-FCAA-4565-98CA-4C7568DFF14A}.Debug|Any CPU.Build.0 = Debug|Any CPU
		{D1B59381-FCAA-4565-98CA-4C7568DFF14A}.Release|Any CPU.ActiveCfg = Release|Any CPU
		{D1B59381-FCAA-4565-98CA-4C7568DFF14A}.Release|Any CPU.Build.0 = Release|Any CPU
		{D1B59381-FCAA-4565-98CA-4C7568DFF14A}.UnityRelease|Any CPU.ActiveCfg = Release|Any CPU
		{D1B59381-FCAA-4565-98CA-4C7568DFF14A}.UnityRelease|Any CPU.Build.0 = Release|Any CPU
		{F76A2E50-00FE-4737-A33F-3CE8F49BF107}.Debug|Any CPU.ActiveCfg = Debug|Any CPU
		{F76A2E50-00FE-4737-A33F-3CE8F49BF107}.Debug|Any CPU.Build.0 = Debug|Any CPU
		{F76A2E50-00FE-4737-A33F-3CE8F49BF107}.Release|Any CPU.ActiveCfg = Release|Any CPU
		{F76A2E50-00FE-4737-A33F-3CE8F49BF107}.Release|Any CPU.Build.0 = Release|Any CPU
		{F76A2E50-00FE-4737-A33F-3CE8F49BF107}.UnityRelease|Any CPU.ActiveCfg = Release|Any CPU
		{F76A2E50-00FE-4737-A33F-3CE8F49BF107}.UnityRelease|Any CPU.Build.0 = Release|Any CPU
		{80F6815A-5863-4C52-A4C7-F916E605B1F6}.Debug|Any CPU.ActiveCfg = Debug|Any CPU
		{80F6815A-5863-4C52-A4C7-F916E605B1F6}.Debug|Any CPU.Build.0 = Debug|Any CPU
		{80F6815A-5863-4C52-A4C7-F916E605B1F6}.Release|Any CPU.ActiveCfg = Release|Any CPU
		{80F6815A-5863-4C52-A4C7-F916E605B1F6}.Release|Any CPU.Build.0 = Release|Any CPU
		{80F6815A-5863-4C52-A4C7-F916E605B1F6}.UnityRelease|Any CPU.ActiveCfg = Release|Any CPU
		{80F6815A-5863-4C52-A4C7-F916E605B1F6}.UnityRelease|Any CPU.Build.0 = Release|Any CPU
		{B9D99356-98AC-4753-B804-BF294CA40FB0}.Debug|Any CPU.ActiveCfg = Debug|Any CPU
		{B9D99356-98AC-4753-B804-BF294CA40FB0}.Debug|Any CPU.Build.0 = Debug|Any CPU
		{B9D99356-98AC-4753-B804-BF294CA40FB0}.Release|Any CPU.ActiveCfg = Release|Any CPU
		{B9D99356-98AC-4753-B804-BF294CA40FB0}.Release|Any CPU.Build.0 = Release|Any CPU
		{B9D99356-98AC-4753-B804-BF294CA40FB0}.UnityRelease|Any CPU.ActiveCfg = Release|Any CPU
		{B9D99356-98AC-4753-B804-BF294CA40FB0}.UnityRelease|Any CPU.Build.0 = Release|Any CPU
		{6F8F826E-ED27-4E33-8E14-8207F4179A0A}.Debug|Any CPU.ActiveCfg = Debug|Any CPU
		{6F8F826E-ED27-4E33-8E14-8207F4179A0A}.Debug|Any CPU.Build.0 = Debug|Any CPU
		{6F8F826E-ED27-4E33-8E14-8207F4179A0A}.Release|Any CPU.ActiveCfg = Release|Any CPU
		{6F8F826E-ED27-4E33-8E14-8207F4179A0A}.Release|Any CPU.Build.0 = Release|Any CPU
		{6F8F826E-ED27-4E33-8E14-8207F4179A0A}.UnityRelease|Any CPU.ActiveCfg = Release|Any CPU
		{6F8F826E-ED27-4E33-8E14-8207F4179A0A}.UnityRelease|Any CPU.Build.0 = Release|Any CPU
		{FBCA8327-BF03-4928-A6B8-76E9DFE36976}.Debug|Any CPU.ActiveCfg = Debug|Any CPU
		{FBCA8327-BF03-4928-A6B8-76E9DFE36976}.Debug|Any CPU.Build.0 = Debug|Any CPU
		{FBCA8327-BF03-4928-A6B8-76E9DFE36976}.Release|Any CPU.ActiveCfg = Release|Any CPU
		{FBCA8327-BF03-4928-A6B8-76E9DFE36976}.Release|Any CPU.Build.0 = Release|Any CPU
		{FBCA8327-BF03-4928-A6B8-76E9DFE36976}.UnityRelease|Any CPU.ActiveCfg = Release|Any CPU
		{FBCA8327-BF03-4928-A6B8-76E9DFE36976}.UnityRelease|Any CPU.Build.0 = Release|Any CPU
		{4D33AB00-68FC-44CE-8299-CB36458936B6}.Debug|Any CPU.ActiveCfg = Debug|Any CPU
		{4D33AB00-68FC-44CE-8299-CB36458936B6}.Debug|Any CPU.Build.0 = Debug|Any CPU
		{4D33AB00-68FC-44CE-8299-CB36458936B6}.Release|Any CPU.ActiveCfg = Release|Any CPU
		{4D33AB00-68FC-44CE-8299-CB36458936B6}.Release|Any CPU.Build.0 = Release|Any CPU
		{4D33AB00-68FC-44CE-8299-CB36458936B6}.UnityRelease|Any CPU.ActiveCfg = Release|Any CPU
		{4D33AB00-68FC-44CE-8299-CB36458936B6}.UnityRelease|Any CPU.Build.0 = Release|Any CPU
	EndGlobalSection
	GlobalSection(SolutionProperties) = preSolution
		HideSolutionNode = FALSE
	EndGlobalSection
	GlobalSection(NestedProjects) = preSolution
		{BD209926-33B2-4E31-8DF7-6C617564D38B} = {BFCA8113-92A4-4C81-86E0-7D67AE0BA27B}
		{49BA1C69-6104-41AC-A5D8-B54FA9F696E8} = {BFCA8113-92A4-4C81-86E0-7D67AE0BA27B}
		{212628D8-29F5-44EB-A8AE-9135706A326E} = {BFCA8113-92A4-4C81-86E0-7D67AE0BA27B}
		{D13F2491-145B-4C69-B943-9A3DFE932E04} = {BFCA8113-92A4-4C81-86E0-7D67AE0BA27B}
		{0B575C85-1A00-4E91-B1CB-25035CFBFEAE} = {BFCA8113-92A4-4C81-86E0-7D67AE0BA27B}
		{6C69042B-AE3C-4631-AD83-7FF808ED98A6} = {BFCA8113-92A4-4C81-86E0-7D67AE0BA27B}
		{3B2E8705-F4EB-4BBA-A5C1-DDE6DB5FCE48} = {BFCA8113-92A4-4C81-86E0-7D67AE0BA27B}
		{A382C8C4-E2DA-4FAD-8E32-52EDDB6C3D34} = {182D310A-DE62-4DF6-B000-DA58C579790C}
		{D1B59381-FCAA-4565-98CA-4C7568DFF14A} = {BFCA8113-92A4-4C81-86E0-7D67AE0BA27B}
		{F76A2E50-00FE-4737-A33F-3CE8F49BF107} = {BFCA8113-92A4-4C81-86E0-7D67AE0BA27B}
		{80F6815A-5863-4C52-A4C7-F916E605B1F6} = {C0A0125C-87AB-4296-8B61-0588E0816E14}
		{B9D99356-98AC-4753-B804-BF294CA40FB0} = {182D310A-DE62-4DF6-B000-DA58C579790C}
		{6F8F826E-ED27-4E33-8E14-8207F4179A0A} = {182D310A-DE62-4DF6-B000-DA58C579790C}
		{FBCA8327-BF03-4928-A6B8-76E9DFE36976} = {C0A0125C-87AB-4296-8B61-0588E0816E14}
		{C0A0125C-87AB-4296-8B61-0588E0816E14} = {182D310A-DE62-4DF6-B000-DA58C579790C}
		{4D33AB00-68FC-44CE-8299-CB36458936B6} = {BFCA8113-92A4-4C81-86E0-7D67AE0BA27B}
	EndGlobalSection
EndGlobal
